
Microsoft Visual Studio Solution File, Format Version 12.00
# Visual Studio Version 16
VisualStudioVersion = 16.0.29020.237
MinimumVisualStudioVersion = 10.0.40219.1
Project("{9A19103F-16F7-4668-BE54-9A1E7A4F7556}") = "microinvest", "microinvest\microinvest.csproj", "{46DFF13F-AC02-4EA5-A828-BA69AE666E17}"
EndProject
Project("{9A19103F-16F7-4668-BE54-9A1E7A4F7556}") = "01NumsFrom1to100", "01NumsFrom1to100\01NumsFrom1to100.csproj", "{29DB0B88-2FBF-468E-88BB-9D9D21181824}"
EndProject
Project("{9A19103F-16F7-4668-BE54-9A1E7A4F7556}") = "02NumsFrom-20To50", "02NumsFrom-20To50\02NumsFrom-20To50.csproj", "{3C7FD704-4754-4D2A-A50A-7EA523BBBCD5}"
EndProject
Project("{9A19103F-16F7-4668-BE54-9A1E7A4F7556}") = "03OddNumsFrom-10To10", "oddNumsFrom-10To10\03OddNumsFrom-10To10.csproj", "{84A342E8-A45C-4E0F-9E09-B9A6386188CA}"
EndProject
Project("{9A19103F-16F7-4668-BE54-9A1E7A4F7556}") = "04ReverseOrder1To10", "reverseOrder1To10\04ReverseOrder1To10.csproj", "{F52258E1-FA7F-48BD-A97A-89E210DFC810}"
EndProject
Project("{9A19103F-16F7-4668-BE54-9A1E7A4F7556}") = "05TwoNumbersFromConsole", "05TwoNumbersFromConsole\05TwoNumbersFromConsole.csproj", "{A006DB40-CF66-434A-B930-4504928AC84B}"
EndProject
Project("{9A19103F-16F7-4668-BE54-9A1E7A4F7556}") = "06Sum", "06Sum\06Sum.csproj", "{4725140E-5C31-47D5-B1D7-F724CC426A12}"
EndProject
Project("{9A19103F-16F7-4668-BE54-9A1E7A4F7556}") = "07nNumsFrom3", "nNumsFrom3\07nNumsFrom3.csproj", "{15FBABA5-CBC4-4FEB-90DB-636BC4ED27B4}"
EndProject
Project("{9A19103F-16F7-4668-BE54-9A1E7A4F7556}") = "08Loops", "08Loops\08Loops.csproj", "{61C61BB6-10E5-41F8-B6C2-676EF67F240B}"
EndProject
Project("{9A19103F-16F7-4668-BE54-9A1E7A4F7556}") = "09numsFromConsole", "09numsFromConsole\09numsFromConsole.csproj", "{E9D9DDC3-4587-405D-AC99-508582745939}"
EndProject
Project("{9A19103F-16F7-4668-BE54-9A1E7A4F7556}") = "10primeNumbers", "10primeNumbers\10primeNumbers.csproj", "{9ECC8038-38C9-4F60-B301-F7E73B07630E}"
EndProject
Project("{9A19103F-16F7-4668-BE54-9A1E7A4F7556}") = "11triangle", "11triangle\11triangle.csproj", "{014CBF0E-5300-4F2F-AF1B-E88A143E02E0}"
EndProject
Project("{9A19103F-16F7-4668-BE54-9A1E7A4F7556}") = "12wholeNumbers", "12wholeNumbers\12wholeNumbers.csproj", "{5FA2BD9A-EBCD-48DB-9C13-6EDAC6F784B0}"
EndProject
Project("{9A19103F-16F7-4668-BE54-9A1E7A4F7556}") = "13sumOfWholeNums", "13sumOfWholeNums\13sumOfWholeNums.csproj", "{710F1BC2-A503-4AF6-A6C7-736AC10CBD6B}"
EndProject
Project("{9A19103F-16F7-4668-BE54-9A1E7A4F7556}") = "14numsFrom10To200", "14\14numsFrom10To200.csproj", "{32A6B44F-CD85-4C0B-8BEF-FD89AE084044}"
EndProject
Project("{9A19103F-16F7-4668-BE54-9A1E7A4F7556}") = "15doWhileLoop", "15doWhileLoop\15doWhileLoop.csproj", "{CACF0DFF-2247-4966-AAC9-8756BA0B151A}"
EndProject
Project("{9A19103F-16F7-4668-BE54-9A1E7A4F7556}") = "16mAndN", "16mAndN\16mAndN.csproj", "{571E7573-AE6A-4CC3-A8A3-92494EAC1421}"
EndProject
Project("{9A19103F-16F7-4668-BE54-9A1E7A4F7556}") = "17square", "17square\17square.csproj", "{778E166E-56D3-4A43-85F9-33727DE7382B}"
EndProject
Project("{9A19103F-16F7-4668-BE54-9A1E7A4F7556}") = "18twoNumbers", "18twoNumbers\18twoNumbers.csproj", "{B5286E00-793E-47D5-9C5B-33D094543372}"
EndProject
Project("{9A19103F-16F7-4668-BE54-9A1E7A4F7556}") = "19series", "19series\19series.csproj", "{E372B507-E8F7-47F3-9F94-7DBA51845BDB}"
EndProject
Project("{9A19103F-16F7-4668-BE54-9A1E7A4F7556}") = "20squareOfNumbers", "20squareOfNumbers\20squareOfNumbers.csproj", "{3ABA2034-9679-47E1-81AF-E220F3056D41}"
EndProject
Project("{9A19103F-16F7-4668-BE54-9A1E7A4F7556}") = "21cards", "21cards\21cards.csproj", "{23E9F26C-4060-4851-8036-DDF67D2A8683}"
EndProject
Project("{FAE04EC0-301F-11D3-BF4B-00C04F79EFBC}") = "22first10Nums", "22first10Nums\22first10Nums.csproj", "{E71C1FF9-9C2C-428D-99C2-99BDE67D874E}"
EndProject
Project("{FAE04EC0-301F-11D3-BF4B-00C04F79EFBC}") = "23multiplication", "23multiplication\23multiplication.csproj", "{1170ABA8-BE0D-4F5B-95DA-E5763049A2C8}"
EndProject
Project("{FAE04EC0-301F-11D3-BF4B-00C04F79EFBC}") = "24palindromeCheck", "24palindromeCheck\24palindromeCheck.csproj", "{8194A70E-CA98-4B3F-96E5-ECC119DA63A1}"
EndProject
Project("{FAE04EC0-301F-11D3-BF4B-00C04F79EFBC}") = "25multiplication", "25sum\25multiplication.csproj", "{627504D1-6027-4941-BAB1-8E8B3DF79357}"
EndProject
Global
	GlobalSection(SolutionConfigurationPlatforms) = preSolution
		Debug|Any CPU = Debug|Any CPU
		Release|Any CPU = Release|Any CPU
	EndGlobalSection
	GlobalSection(ProjectConfigurationPlatforms) = postSolution
		{46DFF13F-AC02-4EA5-A828-BA69AE666E17}.Debug|Any CPU.ActiveCfg = Debug|Any CPU
		{46DFF13F-AC02-4EA5-A828-BA69AE666E17}.Debug|Any CPU.Build.0 = Debug|Any CPU
		{46DFF13F-AC02-4EA5-A828-BA69AE666E17}.Release|Any CPU.ActiveCfg = Release|Any CPU
		{46DFF13F-AC02-4EA5-A828-BA69AE666E17}.Release|Any CPU.Build.0 = Release|Any CPU
		{29DB0B88-2FBF-468E-88BB-9D9D21181824}.Debug|Any CPU.ActiveCfg = Debug|Any CPU
		{29DB0B88-2FBF-468E-88BB-9D9D21181824}.Debug|Any CPU.Build.0 = Debug|Any CPU
		{29DB0B88-2FBF-468E-88BB-9D9D21181824}.Release|Any CPU.ActiveCfg = Release|Any CPU
		{29DB0B88-2FBF-468E-88BB-9D9D21181824}.Release|Any CPU.Build.0 = Release|Any CPU
		{3C7FD704-4754-4D2A-A50A-7EA523BBBCD5}.Debug|Any CPU.ActiveCfg = Debug|Any CPU
		{3C7FD704-4754-4D2A-A50A-7EA523BBBCD5}.Debug|Any CPU.Build.0 = Debug|Any CPU
		{3C7FD704-4754-4D2A-A50A-7EA523BBBCD5}.Release|Any CPU.ActiveCfg = Release|Any CPU
		{3C7FD704-4754-4D2A-A50A-7EA523BBBCD5}.Release|Any CPU.Build.0 = Release|Any CPU
		{84A342E8-A45C-4E0F-9E09-B9A6386188CA}.Debug|Any CPU.ActiveCfg = Debug|Any CPU
		{84A342E8-A45C-4E0F-9E09-B9A6386188CA}.Debug|Any CPU.Build.0 = Debug|Any CPU
		{84A342E8-A45C-4E0F-9E09-B9A6386188CA}.Release|Any CPU.ActiveCfg = Release|Any CPU
		{84A342E8-A45C-4E0F-9E09-B9A6386188CA}.Release|Any CPU.Build.0 = Release|Any CPU
		{F52258E1-FA7F-48BD-A97A-89E210DFC810}.Debug|Any CPU.ActiveCfg = Debug|Any CPU
		{F52258E1-FA7F-48BD-A97A-89E210DFC810}.Debug|Any CPU.Build.0 = Debug|Any CPU
		{F52258E1-FA7F-48BD-A97A-89E210DFC810}.Release|Any CPU.ActiveCfg = Release|Any CPU
		{F52258E1-FA7F-48BD-A97A-89E210DFC810}.Release|Any CPU.Build.0 = Release|Any CPU
		{A006DB40-CF66-434A-B930-4504928AC84B}.Debug|Any CPU.ActiveCfg = Debug|Any CPU
		{A006DB40-CF66-434A-B930-4504928AC84B}.Debug|Any CPU.Build.0 = Debug|Any CPU
		{A006DB40-CF66-434A-B930-4504928AC84B}.Release|Any CPU.ActiveCfg = Release|Any CPU
		{A006DB40-CF66-434A-B930-4504928AC84B}.Release|Any CPU.Build.0 = Release|Any CPU
		{4725140E-5C31-47D5-B1D7-F724CC426A12}.Debug|Any CPU.ActiveCfg = Debug|Any CPU
		{4725140E-5C31-47D5-B1D7-F724CC426A12}.Debug|Any CPU.Build.0 = Debug|Any CPU
		{4725140E-5C31-47D5-B1D7-F724CC426A12}.Release|Any CPU.ActiveCfg = Release|Any CPU
		{4725140E-5C31-47D5-B1D7-F724CC426A12}.Release|Any CPU.Build.0 = Release|Any CPU
		{15FBABA5-CBC4-4FEB-90DB-636BC4ED27B4}.Debug|Any CPU.ActiveCfg = Debug|Any CPU
		{15FBABA5-CBC4-4FEB-90DB-636BC4ED27B4}.Debug|Any CPU.Build.0 = Debug|Any CPU
		{15FBABA5-CBC4-4FEB-90DB-636BC4ED27B4}.Release|Any CPU.ActiveCfg = Release|Any CPU
		{15FBABA5-CBC4-4FEB-90DB-636BC4ED27B4}.Release|Any CPU.Build.0 = Release|Any CPU
		{61C61BB6-10E5-41F8-B6C2-676EF67F240B}.Debug|Any CPU.ActiveCfg = Debug|Any CPU
		{61C61BB6-10E5-41F8-B6C2-676EF67F240B}.Debug|Any CPU.Build.0 = Debug|Any CPU
		{61C61BB6-10E5-41F8-B6C2-676EF67F240B}.Release|Any CPU.ActiveCfg = Release|Any CPU
		{61C61BB6-10E5-41F8-B6C2-676EF67F240B}.Release|Any CPU.Build.0 = Release|Any CPU
		{E9D9DDC3-4587-405D-AC99-508582745939}.Debug|Any CPU.ActiveCfg = Debug|Any CPU
		{E9D9DDC3-4587-405D-AC99-508582745939}.Debug|Any CPU.Build.0 = Debug|Any CPU
		{E9D9DDC3-4587-405D-AC99-508582745939}.Release|Any CPU.ActiveCfg = Release|Any CPU
		{E9D9DDC3-4587-405D-AC99-508582745939}.Release|Any CPU.Build.0 = Release|Any CPU
		{9ECC8038-38C9-4F60-B301-F7E73B07630E}.Debug|Any CPU.ActiveCfg = Debug|Any CPU
		{9ECC8038-38C9-4F60-B301-F7E73B07630E}.Debug|Any CPU.Build.0 = Debug|Any CPU
		{9ECC8038-38C9-4F60-B301-F7E73B07630E}.Release|Any CPU.ActiveCfg = Release|Any CPU
		{9ECC8038-38C9-4F60-B301-F7E73B07630E}.Release|Any CPU.Build.0 = Release|Any CPU
		{014CBF0E-5300-4F2F-AF1B-E88A143E02E0}.Debug|Any CPU.ActiveCfg = Debug|Any CPU
		{014CBF0E-5300-4F2F-AF1B-E88A143E02E0}.Debug|Any CPU.Build.0 = Debug|Any CPU
		{014CBF0E-5300-4F2F-AF1B-E88A143E02E0}.Release|Any CPU.ActiveCfg = Release|Any CPU
		{014CBF0E-5300-4F2F-AF1B-E88A143E02E0}.Release|Any CPU.Build.0 = Release|Any CPU
		{5FA2BD9A-EBCD-48DB-9C13-6EDAC6F784B0}.Debug|Any CPU.ActiveCfg = Debug|Any CPU
		{5FA2BD9A-EBCD-48DB-9C13-6EDAC6F784B0}.Debug|Any CPU.Build.0 = Debug|Any CPU
		{5FA2BD9A-EBCD-48DB-9C13-6EDAC6F784B0}.Release|Any CPU.ActiveCfg = Release|Any CPU
		{5FA2BD9A-EBCD-48DB-9C13-6EDAC6F784B0}.Release|Any CPU.Build.0 = Release|Any CPU
		{710F1BC2-A503-4AF6-A6C7-736AC10CBD6B}.Debug|Any CPU.ActiveCfg = Debug|Any CPU
		{710F1BC2-A503-4AF6-A6C7-736AC10CBD6B}.Debug|Any CPU.Build.0 = Debug|Any CPU
		{710F1BC2-A503-4AF6-A6C7-736AC10CBD6B}.Release|Any CPU.ActiveCfg = Release|Any CPU
		{710F1BC2-A503-4AF6-A6C7-736AC10CBD6B}.Release|Any CPU.Build.0 = Release|Any CPU
		{32A6B44F-CD85-4C0B-8BEF-FD89AE084044}.Debug|Any CPU.ActiveCfg = Debug|Any CPU
		{32A6B44F-CD85-4C0B-8BEF-FD89AE084044}.Debug|Any CPU.Build.0 = Debug|Any CPU
		{32A6B44F-CD85-4C0B-8BEF-FD89AE084044}.Release|Any CPU.ActiveCfg = Release|Any CPU
		{32A6B44F-CD85-4C0B-8BEF-FD89AE084044}.Release|Any CPU.Build.0 = Release|Any CPU
		{CACF0DFF-2247-4966-AAC9-8756BA0B151A}.Debug|Any CPU.ActiveCfg = Debug|Any CPU
		{CACF0DFF-2247-4966-AAC9-8756BA0B151A}.Debug|Any CPU.Build.0 = Debug|Any CPU
		{CACF0DFF-2247-4966-AAC9-8756BA0B151A}.Release|Any CPU.ActiveCfg = Release|Any CPU
		{CACF0DFF-2247-4966-AAC9-8756BA0B151A}.Release|Any CPU.Build.0 = Release|Any CPU
		{571E7573-AE6A-4CC3-A8A3-92494EAC1421}.Debug|Any CPU.ActiveCfg = Debug|Any CPU
		{571E7573-AE6A-4CC3-A8A3-92494EAC1421}.Debug|Any CPU.Build.0 = Debug|Any CPU
		{571E7573-AE6A-4CC3-A8A3-92494EAC1421}.Release|Any CPU.ActiveCfg = Release|Any CPU
		{571E7573-AE6A-4CC3-A8A3-92494EAC1421}.Release|Any CPU.Build.0 = Release|Any CPU
		{778E166E-56D3-4A43-85F9-33727DE7382B}.Debug|Any CPU.ActiveCfg = Debug|Any CPU
		{778E166E-56D3-4A43-85F9-33727DE7382B}.Debug|Any CPU.Build.0 = Debug|Any CPU
		{778E166E-56D3-4A43-85F9-33727DE7382B}.Release|Any CPU.ActiveCfg = Release|Any CPU
		{778E166E-56D3-4A43-85F9-33727DE7382B}.Release|Any CPU.Build.0 = Release|Any CPU
		{B5286E00-793E-47D5-9C5B-33D094543372}.Debug|Any CPU.ActiveCfg = Debug|Any CPU
		{B5286E00-793E-47D5-9C5B-33D094543372}.Debug|Any CPU.Build.0 = Debug|Any CPU
		{B5286E00-793E-47D5-9C5B-33D094543372}.Release|Any CPU.ActiveCfg = Release|Any CPU
		{B5286E00-793E-47D5-9C5B-33D094543372}.Release|Any CPU.Build.0 = Release|Any CPU
		{E372B507-E8F7-47F3-9F94-7DBA51845BDB}.Debug|Any CPU.ActiveCfg = Debug|Any CPU
		{E372B507-E8F7-47F3-9F94-7DBA51845BDB}.Debug|Any CPU.Build.0 = Debug|Any CPU
		{E372B507-E8F7-47F3-9F94-7DBA51845BDB}.Release|Any CPU.ActiveCfg = Release|Any CPU
		{E372B507-E8F7-47F3-9F94-7DBA51845BDB}.Release|Any CPU.Build.0 = Release|Any CPU
		{3ABA2034-9679-47E1-81AF-E220F3056D41}.Debug|Any CPU.ActiveCfg = Debug|Any CPU
		{3ABA2034-9679-47E1-81AF-E220F3056D41}.Debug|Any CPU.Build.0 = Debug|Any CPU
		{3ABA2034-9679-47E1-81AF-E220F3056D41}.Release|Any CPU.ActiveCfg = Release|Any CPU
		{3ABA2034-9679-47E1-81AF-E220F3056D41}.Release|Any CPU.Build.0 = Release|Any CPU
		{23E9F26C-4060-4851-8036-DDF67D2A8683}.Debug|Any CPU.ActiveCfg = Debug|Any CPU
		{23E9F26C-4060-4851-8036-DDF67D2A8683}.Debug|Any CPU.Build.0 = Debug|Any CPU
		{23E9F26C-4060-4851-8036-DDF67D2A8683}.Release|Any CPU.ActiveCfg = Release|Any CPU
		{23E9F26C-4060-4851-8036-DDF67D2A8683}.Release|Any CPU.Build.0 = Release|Any CPU
		{E71C1FF9-9C2C-428D-99C2-99BDE67D874E}.Debug|Any CPU.ActiveCfg = Debug|Any CPU
		{E71C1FF9-9C2C-428D-99C2-99BDE67D874E}.Debug|Any CPU.Build.0 = Debug|Any CPU
		{E71C1FF9-9C2C-428D-99C2-99BDE67D874E}.Release|Any CPU.ActiveCfg = Release|Any CPU
		{E71C1FF9-9C2C-428D-99C2-99BDE67D874E}.Release|Any CPU.Build.0 = Release|Any CPU
		{1170ABA8-BE0D-4F5B-95DA-E5763049A2C8}.Debug|Any CPU.ActiveCfg = Debug|Any CPU
		{1170ABA8-BE0D-4F5B-95DA-E5763049A2C8}.Debug|Any CPU.Build.0 = Debug|Any CPU
		{1170ABA8-BE0D-4F5B-95DA-E5763049A2C8}.Release|Any CPU.ActiveCfg = Release|Any CPU
		{1170ABA8-BE0D-4F5B-95DA-E5763049A2C8}.Release|Any CPU.Build.0 = Release|Any CPU
		{8194A70E-CA98-4B3F-96E5-ECC119DA63A1}.Debug|Any CPU.ActiveCfg = Debug|Any CPU
		{8194A70E-CA98-4B3F-96E5-ECC119DA63A1}.Debug|Any CPU.Build.0 = Debug|Any CPU
		{8194A70E-CA98-4B3F-96E5-ECC119DA63A1}.Release|Any CPU.ActiveCfg = Release|Any CPU
		{8194A70E-CA98-4B3F-96E5-ECC119DA63A1}.Release|Any CPU.Build.0 = Release|Any CPU
		{627504D1-6027-4941-BAB1-8E8B3DF79357}.Debug|Any CPU.ActiveCfg = Debug|Any CPU
		{627504D1-6027-4941-BAB1-8E8B3DF79357}.Debug|Any CPU.Build.0 = Debug|Any CPU
		{627504D1-6027-4941-BAB1-8E8B3DF79357}.Release|Any CPU.ActiveCfg = Release|Any CPU
		{627504D1-6027-4941-BAB1-8E8B3DF79357}.Release|Any CPU.Build.0 = Release|Any CPU
	EndGlobalSection
	GlobalSection(SolutionProperties) = preSolution
		HideSolutionNode = FALSE
	EndGlobalSection
	GlobalSection(ExtensibilityGlobals) = postSolution
		SolutionGuid = {E737A684-1529-4A97-A498-36FF29737B13}
	EndGlobalSection
EndGlobal
