
Microsoft Visual Studio Solution File, Format Version 12.00
# Visual Studio Version 16
VisualStudioVersion = 16.0.29020.237
MinimumVisualStudioVersion = 10.0.40219.1
Project("{9A19103F-16F7-4668-BE54-9A1E7A4F7556}") = "01SumOfNumbers", "01SumOfNumbers\01SumOfNumbers.csproj", "{566556AD-250F-4693-AD8E-CD764F599F2F}"
EndProject
Project("{9A19103F-16F7-4668-BE54-9A1E7A4F7556}") = "02NnumsSum", "02NnumsSum\02NnumsSum.csproj", "{A5BC5CAB-EDA4-4FC2-A121-4273817C9FF1}"
EndProject
Project("{9A19103F-16F7-4668-BE54-9A1E7A4F7556}") = "03smallestBiggestAndAverageValue", "03smallestBiggestAndAverageValue\03smallestBiggestAndAverageValue.csproj", "{3A8E3751-D1F6-4C1D-B20F-99054E438C9D}"
EndProject
Project("{9A19103F-16F7-4668-BE54-9A1E7A4F7556}") = "04AsciiValues", "04AsciiValues\04AsciiValues.csproj", "{E35C5441-DB36-4345-BB67-02FB0A5CCEB2}"
EndProject
Project("{9A19103F-16F7-4668-BE54-9A1E7A4F7556}") = "05passwordValidation", "05passwordValidation\05passwordValidation.csproj", "{8FA8B8FD-060A-4F11-93DA-7F8008613182}"
EndProject
Global
	GlobalSection(SolutionConfigurationPlatforms) = preSolution
		Debug|Any CPU = Debug|Any CPU
		Release|Any CPU = Release|Any CPU
	EndGlobalSection
	GlobalSection(ProjectConfigurationPlatforms) = postSolution
		{566556AD-250F-4693-AD8E-CD764F599F2F}.Debug|Any CPU.ActiveCfg = Debug|Any CPU
		{566556AD-250F-4693-AD8E-CD764F599F2F}.Debug|Any CPU.Build.0 = Debug|Any CPU
		{566556AD-250F-4693-AD8E-CD764F599F2F}.Release|Any CPU.ActiveCfg = Release|Any CPU
		{566556AD-250F-4693-AD8E-CD764F599F2F}.Release|Any CPU.Build.0 = Release|Any CPU
		{A5BC5CAB-EDA4-4FC2-A121-4273817C9FF1}.Debug|Any CPU.ActiveCfg = Debug|Any CPU
		{A5BC5CAB-EDA4-4FC2-A121-4273817C9FF1}.Debug|Any CPU.Build.0 = Debug|Any CPU
		{A5BC5CAB-EDA4-4FC2-A121-4273817C9FF1}.Release|Any CPU.ActiveCfg = Release|Any CPU
		{A5BC5CAB-EDA4-4FC2-A121-4273817C9FF1}.Release|Any CPU.Build.0 = Release|Any CPU
		{3A8E3751-D1F6-4C1D-B20F-99054E438C9D}.Debug|Any CPU.ActiveCfg = Debug|Any CPU
		{3A8E3751-D1F6-4C1D-B20F-99054E438C9D}.Debug|Any CPU.Build.0 = Debug|Any CPU
		{3A8E3751-D1F6-4C1D-B20F-99054E438C9D}.Release|Any CPU.ActiveCfg = Release|Any CPU
		{3A8E3751-D1F6-4C1D-B20F-99054E438C9D}.Release|Any CPU.Build.0 = Release|Any CPU
		{E35C5441-DB36-4345-BB67-02FB0A5CCEB2}.Debug|Any CPU.ActiveCfg = Debug|Any CPU
		{E35C5441-DB36-4345-BB67-02FB0A5CCEB2}.Debug|Any CPU.Build.0 = Debug|Any CPU
		{E35C5441-DB36-4345-BB67-02FB0A5CCEB2}.Release|Any CPU.ActiveCfg = Release|Any CPU
		{E35C5441-DB36-4345-BB67-02FB0A5CCEB2}.Release|Any CPU.Build.0 = Release|Any CPU
		{8FA8B8FD-060A-4F11-93DA-7F8008613182}.Debug|Any CPU.ActiveCfg = Debug|Any CPU
		{8FA8B8FD-060A-4F11-93DA-7F8008613182}.Debug|Any CPU.Build.0 = Debug|Any CPU
		{8FA8B8FD-060A-4F11-93DA-7F8008613182}.Release|Any CPU.ActiveCfg = Release|Any CPU
		{8FA8B8FD-060A-4F11-93DA-7F8008613182}.Release|Any CPU.Build.0 = Release|Any CPU
	EndGlobalSection
	GlobalSection(SolutionProperties) = preSolution
		HideSolutionNode = FALSE
	EndGlobalSection
	GlobalSection(ExtensibilityGlobals) = postSolution
		SolutionGuid = {E5F4EB24-9DB0-4FED-B4E5-8B51E5843AF3}
	EndGlobalSection
EndGlobal
