
Microsoft Visual Studio Solution File, Format Version 12.00
# Visual Studio Version 16
VisualStudioVersion = 16.0.29215.179
MinimumVisualStudioVersion = 10.0.40219.1
Project("{9A19103F-16F7-4668-BE54-9A1E7A4F7556}") = "InheritancePractice", "InheritancePractice\InheritancePractice.csproj", "{20E9FA6B-7F9C-49DE-BC6A-141D5F6055C9}"
EndProject
Project("{9A19103F-16F7-4668-BE54-9A1E7A4F7556}") = "ComputerTask", "ComputerTask\ComputerTask.csproj", "{D0C80D8A-003B-4D28-8BF8-3C6A6633FB96}"
EndProject
Project("{9A19103F-16F7-4668-BE54-9A1E7A4F7556}") = "PhoneTask", "PhoneTask\PhoneTask.csproj", "{38E171CC-0276-4A41-8584-6837ED30BB04}"
EndProject
Global
	GlobalSection(SolutionConfigurationPlatforms) = preSolution
		Debug|Any CPU = Debug|Any CPU
		Release|Any CPU = Release|Any CPU
	EndGlobalSection
	GlobalSection(ProjectConfigurationPlatforms) = postSolution
		{20E9FA6B-7F9C-49DE-BC6A-141D5F6055C9}.Debug|Any CPU.ActiveCfg = Debug|Any CPU
		{20E9FA6B-7F9C-49DE-BC6A-141D5F6055C9}.Debug|Any CPU.Build.0 = Debug|Any CPU
		{20E9FA6B-7F9C-49DE-BC6A-141D5F6055C9}.Release|Any CPU.ActiveCfg = Release|Any CPU
		{20E9FA6B-7F9C-49DE-BC6A-141D5F6055C9}.Release|Any CPU.Build.0 = Release|Any CPU
		{D0C80D8A-003B-4D28-8BF8-3C6A6633FB96}.Debug|Any CPU.ActiveCfg = Debug|Any CPU
		{D0C80D8A-003B-4D28-8BF8-3C6A6633FB96}.Debug|Any CPU.Build.0 = Debug|Any CPU
		{D0C80D8A-003B-4D28-8BF8-3C6A6633FB96}.Release|Any CPU.ActiveCfg = Release|Any CPU
		{D0C80D8A-003B-4D28-8BF8-3C6A6633FB96}.Release|Any CPU.Build.0 = Release|Any CPU
		{38E171CC-0276-4A41-8584-6837ED30BB04}.Debug|Any CPU.ActiveCfg = Debug|Any CPU
		{38E171CC-0276-4A41-8584-6837ED30BB04}.Debug|Any CPU.Build.0 = Debug|Any CPU
		{38E171CC-0276-4A41-8584-6837ED30BB04}.Release|Any CPU.ActiveCfg = Release|Any CPU
		{38E171CC-0276-4A41-8584-6837ED30BB04}.Release|Any CPU.Build.0 = Release|Any CPU
	EndGlobalSection
	GlobalSection(SolutionProperties) = preSolution
		HideSolutionNode = FALSE
	EndGlobalSection
	GlobalSection(ExtensibilityGlobals) = postSolution
		SolutionGuid = {78BCD183-8821-4273-8715-93A210584D22}
	EndGlobalSection
EndGlobal
