
Microsoft Visual Studio Solution File, Format Version 12.00
# Visual Studio Version 16
VisualStudioVersion = 16.0.29215.179
MinimumVisualStudioVersion = 10.0.40219.1
Project("{FAE04EC0-301F-11D3-BF4B-00C04F79EFBC}") = "TestProject", "TestProject\TestProject.csproj", "{E9DA3A11-9BED-4616-9F1B-D58AA9946BC7}"
EndProject
Project("{FAE04EC0-301F-11D3-BF4B-00C04F79EFBC}") = "ListsTask01", "ListsTask01\ListsTask01.csproj", "{E954E1AE-7B79-47CA-A9E6-82BD42B552F1}"
EndProject
Project("{FAE04EC0-301F-11D3-BF4B-00C04F79EFBC}") = "ListsTask02", "ListsTask02\ListsTask02.csproj", "{0F4D60BA-123B-4111-939E-6712CC94C046}"
EndProject
Project("{FAE04EC0-301F-11D3-BF4B-00C04F79EFBC}") = "ListsTask03", "ListsTask03\ListsTask03.csproj", "{CB1FFA3F-184D-45E5-AD94-39AFDBFE70C8}"
EndProject
Project("{FAE04EC0-301F-11D3-BF4B-00C04F79EFBC}") = "ListsTask04", "ListsTask04\ListsTask04.csproj", "{42867FF8-FD90-4500-8592-54CC345C1498}"
EndProject
Project("{FAE04EC0-301F-11D3-BF4B-00C04F79EFBC}") = "ListsTask05", "ListsTask05\ListsTask05.csproj", "{84FE12E6-A58F-4E54-A650-F93463CC9A2D}"
EndProject
Project("{FAE04EC0-301F-11D3-BF4B-00C04F79EFBC}") = "ListsTask06", "ListsTask06\ListsTask06.csproj", "{1372258A-228C-49A5-BAAC-57565D65BE9E}"
EndProject
Project("{FAE04EC0-301F-11D3-BF4B-00C04F79EFBC}") = "ListsTask07", "ListsTask07\ListsTask07.csproj", "{DDDC766E-7C39-418C-A3EE-AC80A89782A5}"
EndProject
Project("{FAE04EC0-301F-11D3-BF4B-00C04F79EFBC}") = "ListsTask08", "ListsTask08\ListsTask08.csproj", "{B41FAA05-54CF-4AF7-B539-AA06FC3383DA}"
EndProject
Project("{FAE04EC0-301F-11D3-BF4B-00C04F79EFBC}") = "ListsTask09", "ListsTask09\ListsTask09.csproj", "{ADBDD4BC-1421-4E44-943F-4012FECEE2D6}"
EndProject
Project("{FAE04EC0-301F-11D3-BF4B-00C04F79EFBC}") = "ListsTask10", "ListsTask10\ListsTask10.csproj", "{95ADB470-F829-4DCD-86F7-E3CF7DBAE43D}"
EndProject
Project("{FAE04EC0-301F-11D3-BF4B-00C04F79EFBC}") = "ListsTask11", "ListsTask11\ListsTask11.csproj", "{459E4CAF-E1A7-485C-B812-A2C7A0D0D6D6}"
EndProject
Project("{FAE04EC0-301F-11D3-BF4B-00C04F79EFBC}") = "StackAndQueueTask01", "StackAndQueueTask01\StackAndQueueTask01.csproj", "{2DDD0E43-16F7-496E-AB64-E2274ACB977D}"
EndProject
Project("{FAE04EC0-301F-11D3-BF4B-00C04F79EFBC}") = "StackAndQueueTask02", "StackAndQueueTask02\StackAndQueueTask02.csproj", "{462C4218-A3A6-4FAD-8EB0-533DFE42A8DC}"
EndProject
Project("{FAE04EC0-301F-11D3-BF4B-00C04F79EFBC}") = "StackAndQueueTask03", "StackAndQueueTask03\StackAndQueueTask03.csproj", "{7177BD54-C5FB-405E-BAD1-D3FF0B0CA299}"
EndProject
Project("{FAE04EC0-301F-11D3-BF4B-00C04F79EFBC}") = "StackAndQueueTask04", "StackAndQueueTask04\StackAndQueueTask04.csproj", "{F210EB9E-438F-4375-902A-7185F1112FC7}"
EndProject
Project("{FAE04EC0-301F-11D3-BF4B-00C04F79EFBC}") = "StackAndQueueTask05", "StackAndQueueTask05\StackAndQueueTask05.csproj", "{AD62AEA0-30AE-4D95-97DC-150DAAAAF284}"
EndProject
Project("{FAE04EC0-301F-11D3-BF4B-00C04F79EFBC}") = "StackAndQueueTask06", "StackAndQueueTask06\StackAndQueueTask06.csproj", "{522CE596-439A-4994-972C-C5BE93C13AB8}"
EndProject
Project("{FAE04EC0-301F-11D3-BF4B-00C04F79EFBC}") = "StackAndQueueTask07", "StackAndQueueTask07\StackAndQueueTask07.csproj", "{0C1E6D69-D9F6-4368-A973-E6F3F28D3D19}"
EndProject
Project("{FAE04EC0-301F-11D3-BF4B-00C04F79EFBC}") = "StackAndQueueTask08", "StackAndQueueTask08\StackAndQueueTask08.csproj", "{273874A8-A140-45B9-B6B5-7688AB721C5B}"
EndProject
Project("{FAE04EC0-301F-11D3-BF4B-00C04F79EFBC}") = "Dictionaries01", "Dictionaries01\Dictionaries01.csproj", "{C668BBD8-A925-46F1-9E58-53251243D652}"
EndProject
Project("{FAE04EC0-301F-11D3-BF4B-00C04F79EFBC}") = "Dictionaries02", "Dictionaries02\Dictionaries02.csproj", "{14C7973C-C798-4C27-9072-B3BF12BFB842}"
EndProject
Project("{FAE04EC0-301F-11D3-BF4B-00C04F79EFBC}") = "Dictionaries03", "Dictionaries03\Dictionaries03.csproj", "{EAD6168D-D8F7-4856-AC4E-947862B45735}"
EndProject
Project("{FAE04EC0-301F-11D3-BF4B-00C04F79EFBC}") = "Dictionaries04", "Dictionary04\Dictionaries04.csproj", "{D4FE3552-08B1-4554-9532-BE37D31FBA97}"
EndProject
Project("{FAE04EC0-301F-11D3-BF4B-00C04F79EFBC}") = "Dictionaries05", "Dictionaries05\Dictionaries05.csproj", "{4F6F00D7-B9BF-4722-8BA2-E617828E433A}"
EndProject
Project("{FAE04EC0-301F-11D3-BF4B-00C04F79EFBC}") = "Dictionaries06", "Dictionaries06\Dictionaries06.csproj", "{EFE89EDE-A363-48D0-862A-25C87AC79C79}"
EndProject
Project("{FAE04EC0-301F-11D3-BF4B-00C04F79EFBC}") = "Dictionaries07", "Dictionaries07\Dictionaries07.csproj", "{111B7368-B400-4C1E-8C5E-3F94B55E2E52}"
EndProject
Project("{FAE04EC0-301F-11D3-BF4B-00C04F79EFBC}") = "Dictionaries08", "Dictionaries08\Dictionaries08.csproj", "{48073A11-368C-4619-A0B3-79887B906B51}"
EndProject
Project("{FAE04EC0-301F-11D3-BF4B-00C04F79EFBC}") = "Dictionaries09", "Dictionaries09\Dictionaries09.csproj", "{D0961830-7CC0-4809-9DC4-7AAD39467FC7}"
EndProject
Project("{FAE04EC0-301F-11D3-BF4B-00C04F79EFBC}") = "HashSets01", "HashSets01\HashSets01.csproj", "{EF24BDB8-16BF-4820-AC3C-E117882A0502}"
EndProject
Project("{FAE04EC0-301F-11D3-BF4B-00C04F79EFBC}") = "HashSets02", "HashSets02\HashSets02.csproj", "{BF15C199-19ED-43AD-B14E-4EF46239F7CD}"
EndProject
Project("{FAE04EC0-301F-11D3-BF4B-00C04F79EFBC}") = "HashSets03", "HashSets03\HashSets03.csproj", "{923AFB95-2D60-4AB0-B42D-E21F85FA61FF}"
EndProject
Project("{FAE04EC0-301F-11D3-BF4B-00C04F79EFBC}") = "HashSets04", "HashSets04\HashSets04.csproj", "{2B1B9AD3-4FE7-4CF7-A77B-A0285881C5E4}"
EndProject
Global
	GlobalSection(SolutionConfigurationPlatforms) = preSolution
		Debug|Any CPU = Debug|Any CPU
		Release|Any CPU = Release|Any CPU
	EndGlobalSection
	GlobalSection(ProjectConfigurationPlatforms) = postSolution
		{E9DA3A11-9BED-4616-9F1B-D58AA9946BC7}.Debug|Any CPU.ActiveCfg = Debug|Any CPU
		{E9DA3A11-9BED-4616-9F1B-D58AA9946BC7}.Debug|Any CPU.Build.0 = Debug|Any CPU
		{E9DA3A11-9BED-4616-9F1B-D58AA9946BC7}.Release|Any CPU.ActiveCfg = Release|Any CPU
		{E9DA3A11-9BED-4616-9F1B-D58AA9946BC7}.Release|Any CPU.Build.0 = Release|Any CPU
		{E954E1AE-7B79-47CA-A9E6-82BD42B552F1}.Debug|Any CPU.ActiveCfg = Debug|Any CPU
		{E954E1AE-7B79-47CA-A9E6-82BD42B552F1}.Debug|Any CPU.Build.0 = Debug|Any CPU
		{E954E1AE-7B79-47CA-A9E6-82BD42B552F1}.Release|Any CPU.ActiveCfg = Release|Any CPU
		{E954E1AE-7B79-47CA-A9E6-82BD42B552F1}.Release|Any CPU.Build.0 = Release|Any CPU
		{0F4D60BA-123B-4111-939E-6712CC94C046}.Debug|Any CPU.ActiveCfg = Debug|Any CPU
		{0F4D60BA-123B-4111-939E-6712CC94C046}.Debug|Any CPU.Build.0 = Debug|Any CPU
		{0F4D60BA-123B-4111-939E-6712CC94C046}.Release|Any CPU.ActiveCfg = Release|Any CPU
		{0F4D60BA-123B-4111-939E-6712CC94C046}.Release|Any CPU.Build.0 = Release|Any CPU
		{CB1FFA3F-184D-45E5-AD94-39AFDBFE70C8}.Debug|Any CPU.ActiveCfg = Debug|Any CPU
		{CB1FFA3F-184D-45E5-AD94-39AFDBFE70C8}.Debug|Any CPU.Build.0 = Debug|Any CPU
		{CB1FFA3F-184D-45E5-AD94-39AFDBFE70C8}.Release|Any CPU.ActiveCfg = Release|Any CPU
		{CB1FFA3F-184D-45E5-AD94-39AFDBFE70C8}.Release|Any CPU.Build.0 = Release|Any CPU
		{42867FF8-FD90-4500-8592-54CC345C1498}.Debug|Any CPU.ActiveCfg = Debug|Any CPU
		{42867FF8-FD90-4500-8592-54CC345C1498}.Debug|Any CPU.Build.0 = Debug|Any CPU
		{42867FF8-FD90-4500-8592-54CC345C1498}.Release|Any CPU.ActiveCfg = Release|Any CPU
		{42867FF8-FD90-4500-8592-54CC345C1498}.Release|Any CPU.Build.0 = Release|Any CPU
		{84FE12E6-A58F-4E54-A650-F93463CC9A2D}.Debug|Any CPU.ActiveCfg = Debug|Any CPU
		{84FE12E6-A58F-4E54-A650-F93463CC9A2D}.Debug|Any CPU.Build.0 = Debug|Any CPU
		{84FE12E6-A58F-4E54-A650-F93463CC9A2D}.Release|Any CPU.ActiveCfg = Release|Any CPU
		{84FE12E6-A58F-4E54-A650-F93463CC9A2D}.Release|Any CPU.Build.0 = Release|Any CPU
		{1372258A-228C-49A5-BAAC-57565D65BE9E}.Debug|Any CPU.ActiveCfg = Debug|Any CPU
		{1372258A-228C-49A5-BAAC-57565D65BE9E}.Debug|Any CPU.Build.0 = Debug|Any CPU
		{1372258A-228C-49A5-BAAC-57565D65BE9E}.Release|Any CPU.ActiveCfg = Release|Any CPU
		{1372258A-228C-49A5-BAAC-57565D65BE9E}.Release|Any CPU.Build.0 = Release|Any CPU
		{DDDC766E-7C39-418C-A3EE-AC80A89782A5}.Debug|Any CPU.ActiveCfg = Debug|Any CPU
		{DDDC766E-7C39-418C-A3EE-AC80A89782A5}.Debug|Any CPU.Build.0 = Debug|Any CPU
		{DDDC766E-7C39-418C-A3EE-AC80A89782A5}.Release|Any CPU.ActiveCfg = Release|Any CPU
		{DDDC766E-7C39-418C-A3EE-AC80A89782A5}.Release|Any CPU.Build.0 = Release|Any CPU
		{B41FAA05-54CF-4AF7-B539-AA06FC3383DA}.Debug|Any CPU.ActiveCfg = Debug|Any CPU
		{B41FAA05-54CF-4AF7-B539-AA06FC3383DA}.Debug|Any CPU.Build.0 = Debug|Any CPU
		{B41FAA05-54CF-4AF7-B539-AA06FC3383DA}.Release|Any CPU.ActiveCfg = Release|Any CPU
		{B41FAA05-54CF-4AF7-B539-AA06FC3383DA}.Release|Any CPU.Build.0 = Release|Any CPU
		{ADBDD4BC-1421-4E44-943F-4012FECEE2D6}.Debug|Any CPU.ActiveCfg = Debug|Any CPU
		{ADBDD4BC-1421-4E44-943F-4012FECEE2D6}.Debug|Any CPU.Build.0 = Debug|Any CPU
		{ADBDD4BC-1421-4E44-943F-4012FECEE2D6}.Release|Any CPU.ActiveCfg = Release|Any CPU
		{ADBDD4BC-1421-4E44-943F-4012FECEE2D6}.Release|Any CPU.Build.0 = Release|Any CPU
		{95ADB470-F829-4DCD-86F7-E3CF7DBAE43D}.Debug|Any CPU.ActiveCfg = Debug|Any CPU
		{95ADB470-F829-4DCD-86F7-E3CF7DBAE43D}.Debug|Any CPU.Build.0 = Debug|Any CPU
		{95ADB470-F829-4DCD-86F7-E3CF7DBAE43D}.Release|Any CPU.ActiveCfg = Release|Any CPU
		{95ADB470-F829-4DCD-86F7-E3CF7DBAE43D}.Release|Any CPU.Build.0 = Release|Any CPU
		{459E4CAF-E1A7-485C-B812-A2C7A0D0D6D6}.Debug|Any CPU.ActiveCfg = Debug|Any CPU
		{459E4CAF-E1A7-485C-B812-A2C7A0D0D6D6}.Debug|Any CPU.Build.0 = Debug|Any CPU
		{459E4CAF-E1A7-485C-B812-A2C7A0D0D6D6}.Release|Any CPU.ActiveCfg = Release|Any CPU
		{459E4CAF-E1A7-485C-B812-A2C7A0D0D6D6}.Release|Any CPU.Build.0 = Release|Any CPU
		{2DDD0E43-16F7-496E-AB64-E2274ACB977D}.Debug|Any CPU.ActiveCfg = Debug|Any CPU
		{2DDD0E43-16F7-496E-AB64-E2274ACB977D}.Debug|Any CPU.Build.0 = Debug|Any CPU
		{2DDD0E43-16F7-496E-AB64-E2274ACB977D}.Release|Any CPU.ActiveCfg = Release|Any CPU
		{2DDD0E43-16F7-496E-AB64-E2274ACB977D}.Release|Any CPU.Build.0 = Release|Any CPU
		{462C4218-A3A6-4FAD-8EB0-533DFE42A8DC}.Debug|Any CPU.ActiveCfg = Debug|Any CPU
		{462C4218-A3A6-4FAD-8EB0-533DFE42A8DC}.Debug|Any CPU.Build.0 = Debug|Any CPU
		{462C4218-A3A6-4FAD-8EB0-533DFE42A8DC}.Release|Any CPU.ActiveCfg = Release|Any CPU
		{462C4218-A3A6-4FAD-8EB0-533DFE42A8DC}.Release|Any CPU.Build.0 = Release|Any CPU
		{7177BD54-C5FB-405E-BAD1-D3FF0B0CA299}.Debug|Any CPU.ActiveCfg = Debug|Any CPU
		{7177BD54-C5FB-405E-BAD1-D3FF0B0CA299}.Debug|Any CPU.Build.0 = Debug|Any CPU
		{7177BD54-C5FB-405E-BAD1-D3FF0B0CA299}.Release|Any CPU.ActiveCfg = Release|Any CPU
		{7177BD54-C5FB-405E-BAD1-D3FF0B0CA299}.Release|Any CPU.Build.0 = Release|Any CPU
		{F210EB9E-438F-4375-902A-7185F1112FC7}.Debug|Any CPU.ActiveCfg = Debug|Any CPU
		{F210EB9E-438F-4375-902A-7185F1112FC7}.Debug|Any CPU.Build.0 = Debug|Any CPU
		{F210EB9E-438F-4375-902A-7185F1112FC7}.Release|Any CPU.ActiveCfg = Release|Any CPU
		{F210EB9E-438F-4375-902A-7185F1112FC7}.Release|Any CPU.Build.0 = Release|Any CPU
		{AD62AEA0-30AE-4D95-97DC-150DAAAAF284}.Debug|Any CPU.ActiveCfg = Debug|Any CPU
		{AD62AEA0-30AE-4D95-97DC-150DAAAAF284}.Debug|Any CPU.Build.0 = Debug|Any CPU
		{AD62AEA0-30AE-4D95-97DC-150DAAAAF284}.Release|Any CPU.ActiveCfg = Release|Any CPU
		{AD62AEA0-30AE-4D95-97DC-150DAAAAF284}.Release|Any CPU.Build.0 = Release|Any CPU
		{522CE596-439A-4994-972C-C5BE93C13AB8}.Debug|Any CPU.ActiveCfg = Debug|Any CPU
		{522CE596-439A-4994-972C-C5BE93C13AB8}.Debug|Any CPU.Build.0 = Debug|Any CPU
		{522CE596-439A-4994-972C-C5BE93C13AB8}.Release|Any CPU.ActiveCfg = Release|Any CPU
		{522CE596-439A-4994-972C-C5BE93C13AB8}.Release|Any CPU.Build.0 = Release|Any CPU
		{0C1E6D69-D9F6-4368-A973-E6F3F28D3D19}.Debug|Any CPU.ActiveCfg = Debug|Any CPU
		{0C1E6D69-D9F6-4368-A973-E6F3F28D3D19}.Debug|Any CPU.Build.0 = Debug|Any CPU
		{0C1E6D69-D9F6-4368-A973-E6F3F28D3D19}.Release|Any CPU.ActiveCfg = Release|Any CPU
		{0C1E6D69-D9F6-4368-A973-E6F3F28D3D19}.Release|Any CPU.Build.0 = Release|Any CPU
		{273874A8-A140-45B9-B6B5-7688AB721C5B}.Debug|Any CPU.ActiveCfg = Debug|Any CPU
		{273874A8-A140-45B9-B6B5-7688AB721C5B}.Debug|Any CPU.Build.0 = Debug|Any CPU
		{273874A8-A140-45B9-B6B5-7688AB721C5B}.Release|Any CPU.ActiveCfg = Release|Any CPU
		{273874A8-A140-45B9-B6B5-7688AB721C5B}.Release|Any CPU.Build.0 = Release|Any CPU
		{C668BBD8-A925-46F1-9E58-53251243D652}.Debug|Any CPU.ActiveCfg = Debug|Any CPU
		{C668BBD8-A925-46F1-9E58-53251243D652}.Debug|Any CPU.Build.0 = Debug|Any CPU
		{C668BBD8-A925-46F1-9E58-53251243D652}.Release|Any CPU.ActiveCfg = Release|Any CPU
		{C668BBD8-A925-46F1-9E58-53251243D652}.Release|Any CPU.Build.0 = Release|Any CPU
		{14C7973C-C798-4C27-9072-B3BF12BFB842}.Debug|Any CPU.ActiveCfg = Debug|Any CPU
		{14C7973C-C798-4C27-9072-B3BF12BFB842}.Debug|Any CPU.Build.0 = Debug|Any CPU
		{14C7973C-C798-4C27-9072-B3BF12BFB842}.Release|Any CPU.ActiveCfg = Release|Any CPU
		{14C7973C-C798-4C27-9072-B3BF12BFB842}.Release|Any CPU.Build.0 = Release|Any CPU
		{EAD6168D-D8F7-4856-AC4E-947862B45735}.Debug|Any CPU.ActiveCfg = Debug|Any CPU
		{EAD6168D-D8F7-4856-AC4E-947862B45735}.Debug|Any CPU.Build.0 = Debug|Any CPU
		{EAD6168D-D8F7-4856-AC4E-947862B45735}.Release|Any CPU.ActiveCfg = Release|Any CPU
		{EAD6168D-D8F7-4856-AC4E-947862B45735}.Release|Any CPU.Build.0 = Release|Any CPU
		{D4FE3552-08B1-4554-9532-BE37D31FBA97}.Debug|Any CPU.ActiveCfg = Debug|Any CPU
		{D4FE3552-08B1-4554-9532-BE37D31FBA97}.Debug|Any CPU.Build.0 = Debug|Any CPU
		{D4FE3552-08B1-4554-9532-BE37D31FBA97}.Release|Any CPU.ActiveCfg = Release|Any CPU
		{D4FE3552-08B1-4554-9532-BE37D31FBA97}.Release|Any CPU.Build.0 = Release|Any CPU
		{4F6F00D7-B9BF-4722-8BA2-E617828E433A}.Debug|Any CPU.ActiveCfg = Debug|Any CPU
		{4F6F00D7-B9BF-4722-8BA2-E617828E433A}.Debug|Any CPU.Build.0 = Debug|Any CPU
		{4F6F00D7-B9BF-4722-8BA2-E617828E433A}.Release|Any CPU.ActiveCfg = Release|Any CPU
		{4F6F00D7-B9BF-4722-8BA2-E617828E433A}.Release|Any CPU.Build.0 = Release|Any CPU
		{EFE89EDE-A363-48D0-862A-25C87AC79C79}.Debug|Any CPU.ActiveCfg = Debug|Any CPU
		{EFE89EDE-A363-48D0-862A-25C87AC79C79}.Debug|Any CPU.Build.0 = Debug|Any CPU
		{EFE89EDE-A363-48D0-862A-25C87AC79C79}.Release|Any CPU.ActiveCfg = Release|Any CPU
		{EFE89EDE-A363-48D0-862A-25C87AC79C79}.Release|Any CPU.Build.0 = Release|Any CPU
		{111B7368-B400-4C1E-8C5E-3F94B55E2E52}.Debug|Any CPU.ActiveCfg = Debug|Any CPU
		{111B7368-B400-4C1E-8C5E-3F94B55E2E52}.Debug|Any CPU.Build.0 = Debug|Any CPU
		{111B7368-B400-4C1E-8C5E-3F94B55E2E52}.Release|Any CPU.ActiveCfg = Release|Any CPU
		{111B7368-B400-4C1E-8C5E-3F94B55E2E52}.Release|Any CPU.Build.0 = Release|Any CPU
		{48073A11-368C-4619-A0B3-79887B906B51}.Debug|Any CPU.ActiveCfg = Debug|Any CPU
		{48073A11-368C-4619-A0B3-79887B906B51}.Debug|Any CPU.Build.0 = Debug|Any CPU
		{48073A11-368C-4619-A0B3-79887B906B51}.Release|Any CPU.ActiveCfg = Release|Any CPU
		{48073A11-368C-4619-A0B3-79887B906B51}.Release|Any CPU.Build.0 = Release|Any CPU
		{D0961830-7CC0-4809-9DC4-7AAD39467FC7}.Debug|Any CPU.ActiveCfg = Debug|Any CPU
		{D0961830-7CC0-4809-9DC4-7AAD39467FC7}.Debug|Any CPU.Build.0 = Debug|Any CPU
		{D0961830-7CC0-4809-9DC4-7AAD39467FC7}.Release|Any CPU.ActiveCfg = Release|Any CPU
		{D0961830-7CC0-4809-9DC4-7AAD39467FC7}.Release|Any CPU.Build.0 = Release|Any CPU
		{EF24BDB8-16BF-4820-AC3C-E117882A0502}.Debug|Any CPU.ActiveCfg = Debug|Any CPU
		{EF24BDB8-16BF-4820-AC3C-E117882A0502}.Debug|Any CPU.Build.0 = Debug|Any CPU
		{EF24BDB8-16BF-4820-AC3C-E117882A0502}.Release|Any CPU.ActiveCfg = Release|Any CPU
		{EF24BDB8-16BF-4820-AC3C-E117882A0502}.Release|Any CPU.Build.0 = Release|Any CPU
		{BF15C199-19ED-43AD-B14E-4EF46239F7CD}.Debug|Any CPU.ActiveCfg = Debug|Any CPU
		{BF15C199-19ED-43AD-B14E-4EF46239F7CD}.Debug|Any CPU.Build.0 = Debug|Any CPU
		{BF15C199-19ED-43AD-B14E-4EF46239F7CD}.Release|Any CPU.ActiveCfg = Release|Any CPU
		{BF15C199-19ED-43AD-B14E-4EF46239F7CD}.Release|Any CPU.Build.0 = Release|Any CPU
		{923AFB95-2D60-4AB0-B42D-E21F85FA61FF}.Debug|Any CPU.ActiveCfg = Debug|Any CPU
		{923AFB95-2D60-4AB0-B42D-E21F85FA61FF}.Debug|Any CPU.Build.0 = Debug|Any CPU
		{923AFB95-2D60-4AB0-B42D-E21F85FA61FF}.Release|Any CPU.ActiveCfg = Release|Any CPU
		{923AFB95-2D60-4AB0-B42D-E21F85FA61FF}.Release|Any CPU.Build.0 = Release|Any CPU
		{2B1B9AD3-4FE7-4CF7-A77B-A0285881C5E4}.Debug|Any CPU.ActiveCfg = Debug|Any CPU
		{2B1B9AD3-4FE7-4CF7-A77B-A0285881C5E4}.Debug|Any CPU.Build.0 = Debug|Any CPU
		{2B1B9AD3-4FE7-4CF7-A77B-A0285881C5E4}.Release|Any CPU.ActiveCfg = Release|Any CPU
		{2B1B9AD3-4FE7-4CF7-A77B-A0285881C5E4}.Release|Any CPU.Build.0 = Release|Any CPU
	EndGlobalSection
	GlobalSection(SolutionProperties) = preSolution
		HideSolutionNode = FALSE
	EndGlobalSection
	GlobalSection(ExtensibilityGlobals) = postSolution
		SolutionGuid = {79A40026-96ED-4B35-93E6-8E5756E1CD46}
	EndGlobalSection
EndGlobal
