
Microsoft Visual Studio Solution File, Format Version 12.00
# Visual Studio Version 16
VisualStudioVersion = 16.0.29306.81
MinimumVisualStudioVersion = 10.0.40219.1
Project("{9A19103F-16F7-4668-BE54-9A1E7A4F7556}") = "CarFactory", "TestProject\CarFactory.csproj", "{421B98AA-6452-436E-B84C-8AB8B11D74EC}"
EndProject
Project("{9A19103F-16F7-4668-BE54-9A1E7A4F7556}") = "ProjectPeople", "ProjectPeople\ProjectPeople.csproj", "{8CDBBED7-6E37-402A-9543-A19190331F08}"
EndProject
Project("{9A19103F-16F7-4668-BE54-9A1E7A4F7556}") = "TeskAndEmployee", "TeskAndEmployee\TeskAndEmployee.csproj", "{9607D158-11D9-456A-879E-92A8DB55562A}"
EndProject
Project("{FAE04EC0-301F-11D3-BF4B-00C04F79EFBC}") = "SimpleNotepad", "SimpleNotepad\SimpleNotepad.csproj", "{0D169D50-D97C-417A-B57F-D35B5C51634B}"
EndProject
Global
	GlobalSection(SolutionConfigurationPlatforms) = preSolution
		Debug|Any CPU = Debug|Any CPU
		Release|Any CPU = Release|Any CPU
	EndGlobalSection
	GlobalSection(ProjectConfigurationPlatforms) = postSolution
		{421B98AA-6452-436E-B84C-8AB8B11D74EC}.Debug|Any CPU.ActiveCfg = Debug|Any CPU
		{421B98AA-6452-436E-B84C-8AB8B11D74EC}.Debug|Any CPU.Build.0 = Debug|Any CPU
		{421B98AA-6452-436E-B84C-8AB8B11D74EC}.Release|Any CPU.ActiveCfg = Release|Any CPU
		{421B98AA-6452-436E-B84C-8AB8B11D74EC}.Release|Any CPU.Build.0 = Release|Any CPU
		{8CDBBED7-6E37-402A-9543-A19190331F08}.Debug|Any CPU.ActiveCfg = Debug|Any CPU
		{8CDBBED7-6E37-402A-9543-A19190331F08}.Debug|Any CPU.Build.0 = Debug|Any CPU
		{8CDBBED7-6E37-402A-9543-A19190331F08}.Release|Any CPU.ActiveCfg = Release|Any CPU
		{8CDBBED7-6E37-402A-9543-A19190331F08}.Release|Any CPU.Build.0 = Release|Any CPU
		{9607D158-11D9-456A-879E-92A8DB55562A}.Debug|Any CPU.ActiveCfg = Debug|Any CPU
		{9607D158-11D9-456A-879E-92A8DB55562A}.Debug|Any CPU.Build.0 = Debug|Any CPU
		{9607D158-11D9-456A-879E-92A8DB55562A}.Release|Any CPU.ActiveCfg = Release|Any CPU
		{9607D158-11D9-456A-879E-92A8DB55562A}.Release|Any CPU.Build.0 = Release|Any CPU
		{0D169D50-D97C-417A-B57F-D35B5C51634B}.Debug|Any CPU.ActiveCfg = Debug|Any CPU
		{0D169D50-D97C-417A-B57F-D35B5C51634B}.Debug|Any CPU.Build.0 = Debug|Any CPU
		{0D169D50-D97C-417A-B57F-D35B5C51634B}.Release|Any CPU.ActiveCfg = Release|Any CPU
		{0D169D50-D97C-417A-B57F-D35B5C51634B}.Release|Any CPU.Build.0 = Release|Any CPU
	EndGlobalSection
	GlobalSection(SolutionProperties) = preSolution
		HideSolutionNode = FALSE
	EndGlobalSection
	GlobalSection(ExtensibilityGlobals) = postSolution
		SolutionGuid = {83E49535-7203-4BE3-ACE1-45E01ADE3718}
	EndGlobalSection
EndGlobal
