
Microsoft Visual Studio Solution File, Format Version 12.00
# Visual Studio Version 16
VisualStudioVersion = 16.0.29306.81
MinimumVisualStudioVersion = 10.0.40219.1
Project("{FAE04EC0-301F-11D3-BF4B-00C04F79EFBC}") = "MicroinvestFilesAndStreams", "MicroinvestFilesAndStreams\MicroinvestFilesAndStreams.csproj", "{A3D76DF5-5CC9-41AB-BE29-FB4B73F35270}"
EndProject
Global
	GlobalSection(SolutionConfigurationPlatforms) = preSolution
		Debug|Any CPU = Debug|Any CPU
		Release|Any CPU = Release|Any CPU
	EndGlobalSection
	GlobalSection(ProjectConfigurationPlatforms) = postSolution
		{A3D76DF5-5CC9-41AB-BE29-FB4B73F35270}.Debug|Any CPU.ActiveCfg = Debug|Any CPU
		{A3D76DF5-5CC9-41AB-BE29-FB4B73F35270}.Debug|Any CPU.Build.0 = Debug|Any CPU
		{A3D76DF5-5CC9-41AB-BE29-FB4B73F35270}.Release|Any CPU.ActiveCfg = Release|Any CPU
		{A3D76DF5-5CC9-41AB-BE29-FB4B73F35270}.Release|Any CPU.Build.0 = Release|Any CPU
	EndGlobalSection
	GlobalSection(SolutionProperties) = preSolution
		HideSolutionNode = FALSE
	EndGlobalSection
	GlobalSection(ExtensibilityGlobals) = postSolution
		SolutionGuid = {EAF058FE-19E4-4915-88B7-128A514E9C5B}
	EndGlobalSection
EndGlobal
